
Microsoft Visual Studio Solution File, Format Version 12.00
# Visual Studio Version 17
VisualStudioVersion = 17.3.32804.467
MinimumVisualStudioVersion = 10.0.40219.1
Project("{FAE04EC0-301F-11D3-BF4B-00C04F79EFBC}") = "NYZXUpscaler", "NYZXUpscaler\NYZXUpscaler.csproj", "{159F527C-F893-4202-B798-F8EC01C21EF7}"
EndProject
Global
	GlobalSection(SolutionConfigurationPlatforms) = preSolution
		Debug|Any CPU = Debug|Any CPU
		Release|Any CPU = Release|Any CPU
	EndGlobalSection
	GlobalSection(ProjectConfigurationPlatforms) = postSolution
		{159F527C-F893-4202-B798-F8EC01C21EF7}.Debug|Any CPU.ActiveCfg = Debug|Any CPU
		{159F527C-F893-4202-B798-F8EC01C21EF7}.Debug|Any CPU.Build.0 = Debug|Any CPU
		{159F527C-F893-4202-B798-F8EC01C21EF7}.Release|Any CPU.ActiveCfg = Release|Any CPU
		{159F527C-F893-4202-B798-F8EC01C21EF7}.Release|Any CPU.Build.0 = Release|Any CPU
	EndGlobalSection
	GlobalSection(SolutionProperties) = preSolution
		HideSolutionNode = FALSE
	EndGlobalSection
	GlobalSection(ExtensibilityGlobals) = postSolution
		SolutionGuid = {36074486-5EAE-4658-8709-269886CFF94F}
	EndGlobalSection
EndGlobal
